Microsoft Visual Studio Solution File, Format Version 12.00
# Visual Studio 2015
Project("{2150E333-8FDC-42A3-9474-1A3956D46DE8}") = "(allocator)", "..\base\allocator", "{6478B9F3-4858-63F4-35F4-98A303E305F3}"
EndProject
Project("{2150E333-8FDC-42A3-9474-1A3956D46DE8}") = "(base)", "..\base", "{9785FB75-982A-5DE3-252D-3F288B9FEF5B}"
EndProject
Project("{2150E333-8FDC-42A3-9474-1A3956D46DE8}") = "(common)", ".", "{86DDC42D-492A-B7E2-29A9-DBF1D1AEDD7A}"
EndProject
Project("{2150E333-8FDC-42A3-9474-1A3956D46DE8}") = "(mojo)", "..\mojo", "{2205972F-37A4-0CDC-E835-9FA0F8945980}"
EndProject
Project("{2150E333-8FDC-42A3-9474-1A3956D46DE8}") = "(mojo)", "..\third_party\mojo", "{FDE4FCCF-64C4-3FD4-6D31-620CFCCC7826}"
EndProject
Project("{2150E333-8FDC-42A3-9474-1A3956D46DE8}") = "(testing)", "..\testing", "{EAC80D00-01D2-3F49-A377-20B7154947F3}"
EndProject
Project("{2150E333-8FDC-42A3-9474-1A3956D46DE8}") = "(third_party)", "..\base\third_party", "{3E7FA5AF-27B3-2DE0-883C-12F98E7F4E81}"
EndProject
Project("{2150E333-8FDC-42A3-9474-1A3956D46DE8}") = "(third_party)", "..\third_party", "{89C816A7-DD31-D54C-C69C-5A80E0C49B77}"
EndProject
Project("{2150E333-8FDC-42A3-9474-1A3956D46DE8}") = "(trace_event)", "..\base\trace_event", "{EBB3592A-71A2-0FDD-CA21-AF40809EFD2A}"
EndProject
Project("{8BC9CEB8-8B4A-11D0-8D11-00A0C91BC942}") = "allocator_extension_thunks", "..\base\allocator\allocator_extension_thunks.vcxproj", "{744AB98F-7540-D6A7-A7B7-F859C3E9CA3F}"
EndProject
Project("{8BC9CEB8-8B4A-11D0-8D11-00A0C91BC942}") = "base", "..\base\base.vcxproj", "{3714545C-C447-D48D-CC5E-5691DE3A67EE}"
	ProjectSection(ProjectDependencies) = postProject
		{4DCD256C-B345-89A3-7AA2-A189E00F12A4} = {4DCD256C-B345-89A3-7AA2-A189E00F12A4}
		{B0AC8452-5737-5B95-6DEC-20CD015D1060} = {B0AC8452-5737-5B95-6DEC-20CD015D1060}
	EndProjectSection
EndProject
Project("{8BC9CEB8-8B4A-11D0-8D11-00A0C91BC942}") = "base_static", "..\base\base_static.vcxproj", "{69D57236-2A52-25F9-F7EC-6A5445F03575}"
EndProject
Project("{8BC9CEB8-8B4A-11D0-8D11-00A0C91BC942}") = "common_mojo_bindings", "common_mojo_bindings.vcxproj", "{D74AD395-DB83-E2D9-65F5-C1C81A7FF592}"
	ProjectSection(ProjectDependencies) = postProject
		{069C798F-45FF-0B9F-8A1D-0FA42CA99540} = {069C798F-45FF-0B9F-8A1D-0FA42CA99540}
		{395D19FD-799C-9636-93EC-6824BE190B4C} = {395D19FD-799C-9636-93EC-6824BE190B4C}
		{563F17AF-6F14-F779-1845-A0519DFADC0D} = {563F17AF-6F14-F779-1845-A0519DFADC0D}
	EndProjectSection
EndProject
Project("{8BC9CEB8-8B4A-11D0-8D11-00A0C91BC942}") = "common_mojo_bindings_mojom", "common_mojo_bindings_mojom.vcxproj", "{069C798F-45FF-0B9F-8A1D-0FA42CA99540}"
	ProjectSection(ProjectDependencies) = postProject
		{3714545C-C447-D48D-CC5E-5691DE3A67EE} = {3714545C-C447-D48D-CC5E-5691DE3A67EE}
		{C0601CD8-DAF9-94E4-CA9E-2BE3F19D48EC} = {C0601CD8-DAF9-94E4-CA9E-2BE3F19D48EC}
	EndProjectSection
EndProject
Project("{8BC9CEB8-8B4A-11D0-8D11-00A0C91BC942}") = "dynamic_annotations", "..\base\third_party\dynamic_annotations\dynamic_annotations.vcxproj", "{649AB2BF-383A-7A41-B63C-AAD19E0EDD78}"
EndProject
Project("{8BC9CEB8-8B4A-11D0-8D11-00A0C91BC942}") = "etw_manifest", "..\base\trace_event\etw_manifest\etw_manifest.vcxproj", "{B0AC8452-5737-5B95-6DEC-20CD015D1060}"
EndProject
Project("{8BC9CEB8-8B4A-11D0-8D11-00A0C91BC942}") = "gtest_prod", "..\testing\gtest_prod.vcxproj", "{4DCD256C-B345-89A3-7AA2-A189E00F12A4}"
EndProject
Project("{8BC9CEB8-8B4A-11D0-8D11-00A0C91BC942}") = "modp_b64", "..\third_party\modp_b64\modp_b64.vcxproj", "{DD29EC62-7A2E-55E9-34D8-8C3ABB23F806}"
EndProject
Project("{8BC9CEB8-8B4A-11D0-8D11-00A0C91BC942}") = "mojo_application_bindings", "..\mojo\mojo_application_bindings.vcxproj", "{395D19FD-799C-9636-93EC-6824BE190B4C}"
	ProjectSection(ProjectDependencies) = postProject
		{E6E7A401-5E06-A547-19D4-B6036076A8CA} = {E6E7A401-5E06-A547-19D4-B6036076A8CA}
		{563F17AF-6F14-F779-1845-A0519DFADC0D} = {563F17AF-6F14-F779-1845-A0519DFADC0D}
	EndProjectSection
EndProject
Project("{8BC9CEB8-8B4A-11D0-8D11-00A0C91BC942}") = "mojo_application_bindings_mojom", "..\mojo\mojo_application_bindings_mojom.vcxproj", "{E6E7A401-5E06-A547-19D4-B6036076A8CA}"
	ProjectSection(ProjectDependencies) = postProject
		{A04A0DD7-D3D5-47F3-FF99-A10C48E9A629} = {A04A0DD7-D3D5-47F3-FF99-A10C48E9A629}
		{3714545C-C447-D48D-CC5E-5691DE3A67EE} = {3714545C-C447-D48D-CC5E-5691DE3A67EE}
		{C0601CD8-DAF9-94E4-CA9E-2BE3F19D48EC} = {C0601CD8-DAF9-94E4-CA9E-2BE3F19D48EC}
	EndProjectSection
EndProject
Project("{8BC9CEB8-8B4A-11D0-8D11-00A0C91BC942}") = "mojo_cpp_bindings", "..\third_party\mojo\mojo_cpp_bindings.vcxproj", "{806E2A88-D7B1-7AFB-EEC6-46D5A13A22BB}"
	ProjectSection(ProjectDependencies) = postProject
		{43F7A268-D075-D84F-F9EB-182D13871B52} = {43F7A268-D075-D84F-F9EB-182D13871B52}
	EndProjectSection
EndProject
Project("{8BC9CEB8-8B4A-11D0-8D11-00A0C91BC942}") = "mojo_environment_chromium", "..\mojo\mojo_environment_chromium.vcxproj", "{3D268D4C-DFBC-B6EA-16F9-B54E17023A21}"
EndProject
Project("{8BC9CEB8-8B4A-11D0-8D11-00A0C91BC942}") = "mojo_environment_chromium_impl", "..\mojo\mojo_environment_chromium_impl.vcxproj", "{4CD7CC43-9373-9DE0-B7C4-C6701C531EFE}"
	ProjectSection(ProjectDependencies) = postProject
		{9BD49F5A-4F2E-0D07-BC98-BE1D40E01F6F} = {9BD49F5A-4F2E-0D07-BC98-BE1D40E01F6F}
	EndProjectSection
EndProject
Project("{8BC9CEB8-8B4A-11D0-8D11-00A0C91BC942}") = "mojo_interface_bindings_cpp_sources", "..\third_party\mojo\mojo_interface_bindings_cpp_sources.vcxproj", "{43F7A268-D075-D84F-F9EB-182D13871B52}"
	ProjectSection(ProjectDependencies) = postProject
		{4BD973B9-F54D-B535-4EB3-D70D1AA9C4C8} = {4BD973B9-F54D-B535-4EB3-D70D1AA9C4C8}
	EndProjectSection
EndProject
Project("{8BC9CEB8-8B4A-11D0-8D11-00A0C91BC942}") = "mojo_interface_bindings_generation", "..\third_party\mojo\mojo_interface_bindings_generation.vcxproj", "{C0601CD8-DAF9-94E4-CA9E-2BE3F19D48EC}"
	ProjectSection(ProjectDependencies) = postProject
		{43F7A268-D075-D84F-F9EB-182D13871B52} = {43F7A268-D075-D84F-F9EB-182D13871B52}
	EndProjectSection
EndProject
Project("{8BC9CEB8-8B4A-11D0-8D11-00A0C91BC942}") = "mojo_interface_bindings_mojom", "..\third_party\mojo\mojo_interface_bindings_mojom.vcxproj", "{4BD973B9-F54D-B535-4EB3-D70D1AA9C4C8}"
EndProject
Project("{8BC9CEB8-8B4A-11D0-8D11-00A0C91BC942}") = "mojo_message_pump_lib", "..\mojo\mojo_message_pump_lib.vcxproj", "{9AB88ACB-4C73-2746-74F9-C6CDCFECA07E}"
	ProjectSection(ProjectDependencies) = postProject
		{9BD49F5A-4F2E-0D07-BC98-BE1D40E01F6F} = {9BD49F5A-4F2E-0D07-BC98-BE1D40E01F6F}
	EndProjectSection
EndProject
Project("{8BC9CEB8-8B4A-11D0-8D11-00A0C91BC942}") = "mojo_system_placeholder", "..\third_party\mojo\mojo_system_placeholder.vcxproj", "{9BD49F5A-4F2E-0D07-BC98-BE1D40E01F6F}"
EndProject
Project("{8BC9CEB8-8B4A-11D0-8D11-00A0C91BC942}") = "network_service_bindings_generation", "..\mojo\network_service_bindings_generation.vcxproj", "{A04A0DD7-D3D5-47F3-FF99-A10C48E9A629}"
	ProjectSection(ProjectDependencies) = postProject
		{D6F472FA-9929-A599-6B9E-C1F1D79B71F6} = {D6F472FA-9929-A599-6B9E-C1F1D79B71F6}
	EndProjectSection
EndProject
Project("{8BC9CEB8-8B4A-11D0-8D11-00A0C91BC942}") = "network_service_bindings_lib", "..\mojo\network_service_bindings_lib.vcxproj", "{563F17AF-6F14-F779-1845-A0519DFADC0D}"
	ProjectSection(ProjectDependencies) = postProject
		{D6F472FA-9929-A599-6B9E-C1F1D79B71F6} = {D6F472FA-9929-A599-6B9E-C1F1D79B71F6}
	EndProjectSection
EndProject
Project("{8BC9CEB8-8B4A-11D0-8D11-00A0C91BC942}") = "network_service_bindings_mojom", "..\mojo\network_service_bindings_mojom.vcxproj", "{D6F472FA-9929-A599-6B9E-C1F1D79B71F6}"
	ProjectSection(ProjectDependencies) = postProject
		{3714545C-C447-D48D-CC5E-5691DE3A67EE} = {3714545C-C447-D48D-CC5E-5691DE3A67EE}
		{C0601CD8-DAF9-94E4-CA9E-2BE3F19D48EC} = {C0601CD8-DAF9-94E4-CA9E-2BE3F19D48EC}
	EndProjectSection
EndProject
Global
	GlobalSection(SolutionConfigurationPlatforms) = preSolution
		Debug|x64 = Debug|x64
		Debug|Win32 = Debug|Win32
		Release|x64 = Release|x64
		Release|Win32 = Release|Win32
	EndGlobalSection
	GlobalSection(ProjectConfigurationPlatforms) = postSolution
		{069C798F-45FF-0B9F-8A1D-0FA42CA99540}.Debug|x64.ActiveCfg = Debug|x64
		{069C798F-45FF-0B9F-8A1D-0FA42CA99540}.Debug|x64.Build.0 = Debug|x64
		{069C798F-45FF-0B9F-8A1D-0FA42CA99540}.Debug|Win32.ActiveCfg = Debug|Win32
		{069C798F-45FF-0B9F-8A1D-0FA42CA99540}.Debug|Win32.Build.0 = Debug|Win32
		{069C798F-45FF-0B9F-8A1D-0FA42CA99540}.Release|x64.ActiveCfg = Release|x64
		{069C798F-45FF-0B9F-8A1D-0FA42CA99540}.Release|x64.Build.0 = Release|x64
		{069C798F-45FF-0B9F-8A1D-0FA42CA99540}.Release|Win32.ActiveCfg = Release|Win32
		{069C798F-45FF-0B9F-8A1D-0FA42CA99540}.Release|Win32.Build.0 = Release|Win32
		{3714545C-C447-D48D-CC5E-5691DE3A67EE}.Debug|x64.ActiveCfg = Debug|x64
		{3714545C-C447-D48D-CC5E-5691DE3A67EE}.Debug|x64.Build.0 = Debug|x64
		{3714545C-C447-D48D-CC5E-5691DE3A67EE}.Debug|Win32.ActiveCfg = Debug|Win32
		{3714545C-C447-D48D-CC5E-5691DE3A67EE}.Debug|Win32.Build.0 = Debug|Win32
		{3714545C-C447-D48D-CC5E-5691DE3A67EE}.Release|x64.ActiveCfg = Release|x64
		{3714545C-C447-D48D-CC5E-5691DE3A67EE}.Release|x64.Build.0 = Release|x64
		{3714545C-C447-D48D-CC5E-5691DE3A67EE}.Release|Win32.ActiveCfg = Release|Win32
		{3714545C-C447-D48D-CC5E-5691DE3A67EE}.Release|Win32.Build.0 = Release|Win32
		{395D19FD-799C-9636-93EC-6824BE190B4C}.Debug|x64.ActiveCfg = Debug|x64
		{395D19FD-799C-9636-93EC-6824BE190B4C}.Debug|x64.Build.0 = Debug|x64
		{395D19FD-799C-9636-93EC-6824BE190B4C}.Debug|Win32.ActiveCfg = Debug|Win32
		{395D19FD-799C-9636-93EC-6824BE190B4C}.Debug|Win32.Build.0 = Debug|Win32
		{395D19FD-799C-9636-93EC-6824BE190B4C}.Release|x64.ActiveCfg = Release|x64
		{395D19FD-799C-9636-93EC-6824BE190B4C}.Release|x64.Build.0 = Release|x64
		{395D19FD-799C-9636-93EC-6824BE190B4C}.Release|Win32.ActiveCfg = Release|Win32
		{395D19FD-799C-9636-93EC-6824BE190B4C}.Release|Win32.Build.0 = Release|Win32
		{3D268D4C-DFBC-B6EA-16F9-B54E17023A21}.Debug|x64.ActiveCfg = Debug|x64
		{3D268D4C-DFBC-B6EA-16F9-B54E17023A21}.Debug|x64.Build.0 = Debug|x64
		{3D268D4C-DFBC-B6EA-16F9-B54E17023A21}.Debug|Win32.ActiveCfg = Debug|Win32
		{3D268D4C-DFBC-B6EA-16F9-B54E17023A21}.Debug|Win32.Build.0 = Debug|Win32
		{3D268D4C-DFBC-B6EA-16F9-B54E17023A21}.Release|x64.ActiveCfg = Release|x64
		{3D268D4C-DFBC-B6EA-16F9-B54E17023A21}.Release|x64.Build.0 = Release|x64
		{3D268D4C-DFBC-B6EA-16F9-B54E17023A21}.Release|Win32.ActiveCfg = Release|Win32
		{3D268D4C-DFBC-B6EA-16F9-B54E17023A21}.Release|Win32.Build.0 = Release|Win32
		{43F7A268-D075-D84F-F9EB-182D13871B52}.Debug|x64.ActiveCfg = Debug|x64
		{43F7A268-D075-D84F-F9EB-182D13871B52}.Debug|x64.Build.0 = Debug|x64
		{43F7A268-D075-D84F-F9EB-182D13871B52}.Debug|Win32.ActiveCfg = Debug|Win32
		{43F7A268-D075-D84F-F9EB-182D13871B52}.Debug|Win32.Build.0 = Debug|Win32
		{43F7A268-D075-D84F-F9EB-182D13871B52}.Release|x64.ActiveCfg = Release|x64
		{43F7A268-D075-D84F-F9EB-182D13871B52}.Release|x64.Build.0 = Release|x64
		{43F7A268-D075-D84F-F9EB-182D13871B52}.Release|Win32.ActiveCfg = Release|Win32
		{43F7A268-D075-D84F-F9EB-182D13871B52}.Release|Win32.Build.0 = Release|Win32
		{4BD973B9-F54D-B535-4EB3-D70D1AA9C4C8}.Debug|x64.ActiveCfg = Debug|x64
		{4BD973B9-F54D-B535-4EB3-D70D1AA9C4C8}.Debug|x64.Build.0 = Debug|x64
		{4BD973B9-F54D-B535-4EB3-D70D1AA9C4C8}.Debug|Win32.ActiveCfg = Debug|Win32
		{4BD973B9-F54D-B535-4EB3-D70D1AA9C4C8}.Debug|Win32.Build.0 = Debug|Win32
		{4BD973B9-F54D-B535-4EB3-D70D1AA9C4C8}.Release|x64.ActiveCfg = Release|x64
		{4BD973B9-F54D-B535-4EB3-D70D1AA9C4C8}.Release|x64.Build.0 = Release|x64
		{4BD973B9-F54D-B535-4EB3-D70D1AA9C4C8}.Release|Win32.ActiveCfg = Release|Win32
		{4BD973B9-F54D-B535-4EB3-D70D1AA9C4C8}.Release|Win32.Build.0 = Release|Win32
		{4CD7CC43-9373-9DE0-B7C4-C6701C531EFE}.Debug|x64.ActiveCfg = Debug|x64
		{4CD7CC43-9373-9DE0-B7C4-C6701C531EFE}.Debug|x64.Build.0 = Debug|x64
		{4CD7CC43-9373-9DE0-B7C4-C6701C531EFE}.Debug|Win32.ActiveCfg = Debug|Win32
		{4CD7CC43-9373-9DE0-B7C4-C6701C531EFE}.Debug|Win32.Build.0 = Debug|Win32
		{4CD7CC43-9373-9DE0-B7C4-C6701C531EFE}.Release|x64.ActiveCfg = Release|x64
		{4CD7CC43-9373-9DE0-B7C4-C6701C531EFE}.Release|x64.Build.0 = Release|x64
		{4CD7CC43-9373-9DE0-B7C4-C6701C531EFE}.Release|Win32.ActiveCfg = Release|Win32
		{4CD7CC43-9373-9DE0-B7C4-C6701C531EFE}.Release|Win32.Build.0 = Release|Win32
		{4DCD256C-B345-89A3-7AA2-A189E00F12A4}.Debug|x64.ActiveCfg = Debug|x64
		{4DCD256C-B345-89A3-7AA2-A189E00F12A4}.Debug|x64.Build.0 = Debug|x64
		{4DCD256C-B345-89A3-7AA2-A189E00F12A4}.Debug|Win32.ActiveCfg = Debug|Win32
		{4DCD256C-B345-89A3-7AA2-A189E00F12A4}.Debug|Win32.Build.0 = Debug|Win32
		{4DCD256C-B345-89A3-7AA2-A189E00F12A4}.Release|x64.ActiveCfg = Release|x64
		{4DCD256C-B345-89A3-7AA2-A189E00F12A4}.Release|x64.Build.0 = Release|x64
		{4DCD256C-B345-89A3-7AA2-A189E00F12A4}.Release|Win32.ActiveCfg = Release|Win32
		{4DCD256C-B345-89A3-7AA2-A189E00F12A4}.Release|Win32.Build.0 = Release|Win32
		{563F17AF-6F14-F779-1845-A0519DFADC0D}.Debug|x64.ActiveCfg = Debug|x64
		{563F17AF-6F14-F779-1845-A0519DFADC0D}.Debug|x64.Build.0 = Debug|x64
		{563F17AF-6F14-F779-1845-A0519DFADC0D}.Debug|Win32.ActiveCfg = Debug|Win32
		{563F17AF-6F14-F779-1845-A0519DFADC0D}.Debug|Win32.Build.0 = Debug|Win32
		{563F17AF-6F14-F779-1845-A0519DFADC0D}.Release|x64.ActiveCfg = Release|x64
		{563F17AF-6F14-F779-1845-A0519DFADC0D}.Release|x64.Build.0 = Release|x64
		{563F17AF-6F14-F779-1845-A0519DFADC0D}.Release|Win32.ActiveCfg = Release|Win32
		{563F17AF-6F14-F779-1845-A0519DFADC0D}.Release|Win32.Build.0 = Release|Win32
		{649AB2BF-383A-7A41-B63C-AAD19E0EDD78}.Debug|x64.ActiveCfg = Debug|x64
		{649AB2BF-383A-7A41-B63C-AAD19E0EDD78}.Debug|x64.Build.0 = Debug|x64
		{649AB2BF-383A-7A41-B63C-AAD19E0EDD78}.Debug|Win32.ActiveCfg = Debug|Win32
		{649AB2BF-383A-7A41-B63C-AAD19E0EDD78}.Debug|Win32.Build.0 = Debug|Win32
		{649AB2BF-383A-7A41-B63C-AAD19E0EDD78}.Release|x64.ActiveCfg = Release|x64
		{649AB2BF-383A-7A41-B63C-AAD19E0EDD78}.Release|x64.Build.0 = Release|x64
		{649AB2BF-383A-7A41-B63C-AAD19E0EDD78}.Release|Win32.ActiveCfg = Release|Win32
		{649AB2BF-383A-7A41-B63C-AAD19E0EDD78}.Release|Win32.Build.0 = Release|Win32
		{69D57236-2A52-25F9-F7EC-6A5445F03575}.Debug|x64.ActiveCfg = Debug|x64
		{69D57236-2A52-25F9-F7EC-6A5445F03575}.Debug|x64.Build.0 = Debug|x64
		{69D57236-2A52-25F9-F7EC-6A5445F03575}.Debug|Win32.ActiveCfg = Debug|Win32
		{69D57236-2A52-25F9-F7EC-6A5445F03575}.Debug|Win32.Build.0 = Debug|Win32
		{69D57236-2A52-25F9-F7EC-6A5445F03575}.Release|x64.ActiveCfg = Release|x64
		{69D57236-2A52-25F9-F7EC-6A5445F03575}.Release|x64.Build.0 = Release|x64
		{69D57236-2A52-25F9-F7EC-6A5445F03575}.Release|Win32.ActiveCfg = Release|Win32
		{69D57236-2A52-25F9-F7EC-6A5445F03575}.Release|Win32.Build.0 = Release|Win32
		{744AB98F-7540-D6A7-A7B7-F859C3E9CA3F}.Debug|x64.ActiveCfg = Debug|x64
		{744AB98F-7540-D6A7-A7B7-F859C3E9CA3F}.Debug|x64.Build.0 = Debug|x64
		{744AB98F-7540-D6A7-A7B7-F859C3E9CA3F}.Debug|Win32.ActiveCfg = Debug|Win32
		{744AB98F-7540-D6A7-A7B7-F859C3E9CA3F}.Debug|Win32.Build.0 = Debug|Win32
		{744AB98F-7540-D6A7-A7B7-F859C3E9CA3F}.Release|x64.ActiveCfg = Release|x64
		{744AB98F-7540-D6A7-A7B7-F859C3E9CA3F}.Release|x64.Build.0 = Release|x64
		{744AB98F-7540-D6A7-A7B7-F859C3E9CA3F}.Release|Win32.ActiveCfg = Release|Win32
		{744AB98F-7540-D6A7-A7B7-F859C3E9CA3F}.Release|Win32.Build.0 = Release|Win32
		{806E2A88-D7B1-7AFB-EEC6-46D5A13A22BB}.Debug|x64.ActiveCfg = Debug|x64
		{806E2A88-D7B1-7AFB-EEC6-46D5A13A22BB}.Debug|x64.Build.0 = Debug|x64
		{806E2A88-D7B1-7AFB-EEC6-46D5A13A22BB}.Debug|Win32.ActiveCfg = Debug|Win32
		{806E2A88-D7B1-7AFB-EEC6-46D5A13A22BB}.Debug|Win32.Build.0 = Debug|Win32
		{806E2A88-D7B1-7AFB-EEC6-46D5A13A22BB}.Release|x64.ActiveCfg = Release|x64
		{806E2A88-D7B1-7AFB-EEC6-46D5A13A22BB}.Release|x64.Build.0 = Release|x64
		{806E2A88-D7B1-7AFB-EEC6-46D5A13A22BB}.Release|Win32.ActiveCfg = Release|Win32
		{806E2A88-D7B1-7AFB-EEC6-46D5A13A22BB}.Release|Win32.Build.0 = Release|Win32
		{9AB88ACB-4C73-2746-74F9-C6CDCFECA07E}.Debug|x64.ActiveCfg = Debug|x64
		{9AB88ACB-4C73-2746-74F9-C6CDCFECA07E}.Debug|x64.Build.0 = Debug|x64
		{9AB88ACB-4C73-2746-74F9-C6CDCFECA07E}.Debug|Win32.ActiveCfg = Debug|Win32
		{9AB88ACB-4C73-2746-74F9-C6CDCFECA07E}.Debug|Win32.Build.0 = Debug|Win32
		{9AB88ACB-4C73-2746-74F9-C6CDCFECA07E}.Release|x64.ActiveCfg = Release|x64
		{9AB88ACB-4C73-2746-74F9-C6CDCFECA07E}.Release|x64.Build.0 = Release|x64
		{9AB88ACB-4C73-2746-74F9-C6CDCFECA07E}.Release|Win32.ActiveCfg = Release|Win32
		{9AB88ACB-4C73-2746-74F9-C6CDCFECA07E}.Release|Win32.Build.0 = Release|Win32
		{9BD49F5A-4F2E-0D07-BC98-BE1D40E01F6F}.Debug|x64.ActiveCfg = Debug|x64
		{9BD49F5A-4F2E-0D07-BC98-BE1D40E01F6F}.Debug|x64.Build.0 = Debug|x64
		{9BD49F5A-4F2E-0D07-BC98-BE1D40E01F6F}.Debug|Win32.ActiveCfg = Debug|Win32
		{9BD49F5A-4F2E-0D07-BC98-BE1D40E01F6F}.Debug|Win32.Build.0 = Debug|Win32
		{9BD49F5A-4F2E-0D07-BC98-BE1D40E01F6F}.Release|x64.ActiveCfg = Release|x64
		{9BD49F5A-4F2E-0D07-BC98-BE1D40E01F6F}.Release|x64.Build.0 = Release|x64
		{9BD49F5A-4F2E-0D07-BC98-BE1D40E01F6F}.Release|Win32.ActiveCfg = Release|Win32
		{9BD49F5A-4F2E-0D07-BC98-BE1D40E01F6F}.Release|Win32.Build.0 = Release|Win32
		{A04A0DD7-D3D5-47F3-FF99-A10C48E9A629}.Debug|x64.ActiveCfg = Debug|x64
		{A04A0DD7-D3D5-47F3-FF99-A10C48E9A629}.Debug|x64.Build.0 = Debug|x64
		{A04A0DD7-D3D5-47F3-FF99-A10C48E9A629}.Debug|Win32.ActiveCfg = Debug|Win32
		{A04A0DD7-D3D5-47F3-FF99-A10C48E9A629}.Debug|Win32.Build.0 = Debug|Win32
		{A04A0DD7-D3D5-47F3-FF99-A10C48E9A629}.Release|x64.ActiveCfg = Release|x64
		{A04A0DD7-D3D5-47F3-FF99-A10C48E9A629}.Release|x64.Build.0 = Release|x64
		{A04A0DD7-D3D5-47F3-FF99-A10C48E9A629}.Release|Win32.ActiveCfg = Release|Win32
		{A04A0DD7-D3D5-47F3-FF99-A10C48E9A629}.Release|Win32.Build.0 = Release|Win32
		{B0AC8452-5737-5B95-6DEC-20CD015D1060}.Debug|x64.ActiveCfg = Debug|x64
		{B0AC8452-5737-5B95-6DEC-20CD015D1060}.Debug|x64.Build.0 = Debug|x64
		{B0AC8452-5737-5B95-6DEC-20CD015D1060}.Debug|Win32.ActiveCfg = Debug|Win32
		{B0AC8452-5737-5B95-6DEC-20CD015D1060}.Debug|Win32.Build.0 = Debug|Win32
		{B0AC8452-5737-5B95-6DEC-20CD015D1060}.Release|x64.ActiveCfg = Release|x64
		{B0AC8452-5737-5B95-6DEC-20CD015D1060}.Release|x64.Build.0 = Release|x64
		{B0AC8452-5737-5B95-6DEC-20CD015D1060}.Release|Win32.ActiveCfg = Release|Win32
		{B0AC8452-5737-5B95-6DEC-20CD015D1060}.Release|Win32.Build.0 = Release|Win32
		{C0601CD8-DAF9-94E4-CA9E-2BE3F19D48EC}.Debug|x64.ActiveCfg = Debug|x64
		{C0601CD8-DAF9-94E4-CA9E-2BE3F19D48EC}.Debug|x64.Build.0 = Debug|x64
		{C0601CD8-DAF9-94E4-CA9E-2BE3F19D48EC}.Debug|Win32.ActiveCfg = Debug|Win32
		{C0601CD8-DAF9-94E4-CA9E-2BE3F19D48EC}.Debug|Win32.Build.0 = Debug|Win32
		{C0601CD8-DAF9-94E4-CA9E-2BE3F19D48EC}.Release|x64.ActiveCfg = Release|x64
		{C0601CD8-DAF9-94E4-CA9E-2BE3F19D48EC}.Release|x64.Build.0 = Release|x64
		{C0601CD8-DAF9-94E4-CA9E-2BE3F19D48EC}.Release|Win32.ActiveCfg = Release|Win32
		{C0601CD8-DAF9-94E4-CA9E-2BE3F19D48EC}.Release|Win32.Build.0 = Release|Win32
		{D6F472FA-9929-A599-6B9E-C1F1D79B71F6}.Debug|x64.ActiveCfg = Debug|x64
		{D6F472FA-9929-A599-6B9E-C1F1D79B71F6}.Debug|x64.Build.0 = Debug|x64
		{D6F472FA-9929-A599-6B9E-C1F1D79B71F6}.Debug|Win32.ActiveCfg = Debug|Win32
		{D6F472FA-9929-A599-6B9E-C1F1D79B71F6}.Debug|Win32.Build.0 = Debug|Win32
		{D6F472FA-9929-A599-6B9E-C1F1D79B71F6}.Release|x64.ActiveCfg = Release|x64
		{D6F472FA-9929-A599-6B9E-C1F1D79B71F6}.Release|x64.Build.0 = Release|x64
		{D6F472FA-9929-A599-6B9E-C1F1D79B71F6}.Release|Win32.ActiveCfg = Release|Win32
		{D6F472FA-9929-A599-6B9E-C1F1D79B71F6}.Release|Win32.Build.0 = Release|Win32
		{D74AD395-DB83-E2D9-65F5-C1C81A7FF592}.Debug|x64.ActiveCfg = Debug|x64
		{D74AD395-DB83-E2D9-65F5-C1C81A7FF592}.Debug|x64.Build.0 = Debug|x64
		{D74AD395-DB83-E2D9-65F5-C1C81A7FF592}.Debug|Win32.ActiveCfg = Debug|Win32
		{D74AD395-DB83-E2D9-65F5-C1C81A7FF592}.Debug|Win32.Build.0 = Debug|Win32
		{D74AD395-DB83-E2D9-65F5-C1C81A7FF592}.Release|x64.ActiveCfg = Release|x64
		{D74AD395-DB83-E2D9-65F5-C1C81A7FF592}.Release|x64.Build.0 = Release|x64
		{D74AD395-DB83-E2D9-65F5-C1C81A7FF592}.Release|Win32.ActiveCfg = Release|Win32
		{D74AD395-DB83-E2D9-65F5-C1C81A7FF592}.Release|Win32.Build.0 = Release|Win32
		{DD29EC62-7A2E-55E9-34D8-8C3ABB23F806}.Debug|x64.ActiveCfg = Debug|x64
		{DD29EC62-7A2E-55E9-34D8-8C3ABB23F806}.Debug|x64.Build.0 = Debug|x64
		{DD29EC62-7A2E-55E9-34D8-8C3ABB23F806}.Debug|Win32.ActiveCfg = Debug|Win32
		{DD29EC62-7A2E-55E9-34D8-8C3ABB23F806}.Debug|Win32.Build.0 = Debug|Win32
		{DD29EC62-7A2E-55E9-34D8-8C3ABB23F806}.Release|x64.ActiveCfg = Release|x64
		{DD29EC62-7A2E-55E9-34D8-8C3ABB23F806}.Release|x64.Build.0 = Release|x64
		{DD29EC62-7A2E-55E9-34D8-8C3ABB23F806}.Release|Win32.ActiveCfg = Release|Win32
		{DD29EC62-7A2E-55E9-34D8-8C3ABB23F806}.Release|Win32.Build.0 = Release|Win32
		{E6E7A401-5E06-A547-19D4-B6036076A8CA}.Debug|x64.ActiveCfg = Debug|x64
		{E6E7A401-5E06-A547-19D4-B6036076A8CA}.Debug|x64.Build.0 = Debug|x64
		{E6E7A401-5E06-A547-19D4-B6036076A8CA}.Debug|Win32.ActiveCfg = Debug|Win32
		{E6E7A401-5E06-A547-19D4-B6036076A8CA}.Debug|Win32.Build.0 = Debug|Win32
		{E6E7A401-5E06-A547-19D4-B6036076A8CA}.Release|x64.ActiveCfg = Release|x64
		{E6E7A401-5E06-A547-19D4-B6036076A8CA}.Release|x64.Build.0 = Release|x64
		{E6E7A401-5E06-A547-19D4-B6036076A8CA}.Release|Win32.ActiveCfg = Release|Win32
		{E6E7A401-5E06-A547-19D4-B6036076A8CA}.Release|Win32.Build.0 = Release|Win32
	EndGlobalSection
	GlobalSection(SolutionProperties) = preSolution
		HideSolutionNode = FALSE
	EndGlobalSection
	GlobalSection(NestedProjects) = preSolution
		{744AB98F-7540-D6A7-A7B7-F859C3E9CA3F} = {6478B9F3-4858-63F4-35F4-98A303E305F3}
		{6478B9F3-4858-63F4-35F4-98A303E305F3} = {9785FB75-982A-5DE3-252D-3F288B9FEF5B}
		{3E7FA5AF-27B3-2DE0-883C-12F98E7F4E81} = {9785FB75-982A-5DE3-252D-3F288B9FEF5B}
		{EBB3592A-71A2-0FDD-CA21-AF40809EFD2A} = {9785FB75-982A-5DE3-252D-3F288B9FEF5B}
		{3714545C-C447-D48D-CC5E-5691DE3A67EE} = {9785FB75-982A-5DE3-252D-3F288B9FEF5B}
		{69D57236-2A52-25F9-F7EC-6A5445F03575} = {9785FB75-982A-5DE3-252D-3F288B9FEF5B}
		{D74AD395-DB83-E2D9-65F5-C1C81A7FF592} = {86DDC42D-492A-B7E2-29A9-DBF1D1AEDD7A}
		{069C798F-45FF-0B9F-8A1D-0FA42CA99540} = {86DDC42D-492A-B7E2-29A9-DBF1D1AEDD7A}
		{395D19FD-799C-9636-93EC-6824BE190B4C} = {2205972F-37A4-0CDC-E835-9FA0F8945980}
		{E6E7A401-5E06-A547-19D4-B6036076A8CA} = {2205972F-37A4-0CDC-E835-9FA0F8945980}
		{3D268D4C-DFBC-B6EA-16F9-B54E17023A21} = {2205972F-37A4-0CDC-E835-9FA0F8945980}
		{4CD7CC43-9373-9DE0-B7C4-C6701C531EFE} = {2205972F-37A4-0CDC-E835-9FA0F8945980}
		{9AB88ACB-4C73-2746-74F9-C6CDCFECA07E} = {2205972F-37A4-0CDC-E835-9FA0F8945980}
		{A04A0DD7-D3D5-47F3-FF99-A10C48E9A629} = {2205972F-37A4-0CDC-E835-9FA0F8945980}
		{563F17AF-6F14-F779-1845-A0519DFADC0D} = {2205972F-37A4-0CDC-E835-9FA0F8945980}
		{D6F472FA-9929-A599-6B9E-C1F1D79B71F6} = {2205972F-37A4-0CDC-E835-9FA0F8945980}
		{806E2A88-D7B1-7AFB-EEC6-46D5A13A22BB} = {FDE4FCCF-64C4-3FD4-6D31-620CFCCC7826}
		{43F7A268-D075-D84F-F9EB-182D13871B52} = {FDE4FCCF-64C4-3FD4-6D31-620CFCCC7826}
		{C0601CD8-DAF9-94E4-CA9E-2BE3F19D48EC} = {FDE4FCCF-64C4-3FD4-6D31-620CFCCC7826}
		{4BD973B9-F54D-B535-4EB3-D70D1AA9C4C8} = {FDE4FCCF-64C4-3FD4-6D31-620CFCCC7826}
		{9BD49F5A-4F2E-0D07-BC98-BE1D40E01F6F} = {FDE4FCCF-64C4-3FD4-6D31-620CFCCC7826}
		{4DCD256C-B345-89A3-7AA2-A189E00F12A4} = {EAC80D00-01D2-3F49-A377-20B7154947F3}
		{649AB2BF-383A-7A41-B63C-AAD19E0EDD78} = {3E7FA5AF-27B3-2DE0-883C-12F98E7F4E81}
		{FDE4FCCF-64C4-3FD4-6D31-620CFCCC7826} = {89C816A7-DD31-D54C-C69C-5A80E0C49B77}
		{DD29EC62-7A2E-55E9-34D8-8C3ABB23F806} = {89C816A7-DD31-D54C-C69C-5A80E0C49B77}
		{B0AC8452-5737-5B95-6DEC-20CD015D1060} = {EBB3592A-71A2-0FDD-CA21-AF40809EFD2A}
	EndGlobalSection
EndGlobal
